
Microsoft Visual Studio Solution File, Format Version 12.00
# Visual Studio Version 17
VisualStudioVersion = 17.14.35906.104 d17.14
MinimumVisualStudioVersion = 10.0.40219.1
Project("{FAE04EC0-301F-11D3-BF4B-00C04F79EFBC}") = "Oop_Concept", "Oop_Concept\Oop_Concept.csproj", "{7507992B-B627-44B6-8B5B-A4D68FC41AFB}"
EndProject
Global
	GlobalSection(SolutionConfigurationPlatforms) = preSolution
		Debug|Any CPU = Debug|Any CPU
		Release|Any CPU = Release|Any CPU
	EndGlobalSection
	GlobalSection(ProjectConfigurationPlatforms) = postSolution
		{7507992B-B627-44B6-8B5B-A4D68FC41AFB}.Debug|Any CPU.ActiveCfg = Debug|Any CPU
		{7507992B-B627-44B6-8B5B-A4D68FC41AFB}.Debug|Any CPU.Build.0 = Debug|Any CPU
		{7507992B-B627-44B6-8B5B-A4D68FC41AFB}.Release|Any CPU.ActiveCfg = Release|Any CPU
		{7507992B-B627-44B6-8B5B-A4D68FC41AFB}.Release|Any CPU.Build.0 = Release|Any CPU
	EndGlobalSection
	GlobalSection(SolutionProperties) = preSolution
		HideSolutionNode = FALSE
	EndGlobalSection
	GlobalSection(ExtensibilityGlobals) = postSolution
		SolutionGuid = {7220E0BB-75BA-41B7-AEDA-BE0BD262F339}
	EndGlobalSection
EndGlobal
